// !$*UTF8*$!
{
	archiveVersion = 1;
	classes = {
	};
	objectVersion = 55;
	objects = {

/* Begin PBXBuildFile section */
		8718F67B27ECA5D400E127CA /* ChoKan2App.swift in Sources */ = {isa = PBXBuildFile; fileRef = 8718F67A27ECA5D400E127CA /* ChoKan2App.swift */; };
		8718F67D27ECA5D400E127CA /* ContentView.swift in Sources */ = {isa = PBXBuildFile; fileRef = 8718F67C27ECA5D400E127CA /* ContentView.swift */; };
		8718F67F27ECA5D600E127CA /* Assets.xcassets in Resources */ = {isa = PBXBuildFile; fileRef = 8718F67E27ECA5D600E127CA /* Assets.xcassets */; };
		8718F68227ECA5D600E127CA /* Preview Assets.xcassets in Resources */ = {isa = PBXBuildFile; fileRef = 8718F68127ECA5D600E127CA /* Preview Assets.xcassets */; };
		8718F68C27ECA5D600E127CA /* ChoKan2Tests.swift in Sources */ = {isa = PBXBuildFile; fileRef = 8718F68B27ECA5D600E127CA /* ChoKan2Tests.swift */; };
		8718F69627ECA5D600E127CA /* ChoKan2UITests.swift in Sources */ = {isa = PBXBuildFile; fileRef = 8718F69527ECA5D600E127CA /* ChoKan2UITests.swift */; };
		8718F69827ECA5D600E127CA /* ChoKan2UITestsLaunchTests.swift in Sources */ = {isa = PBXBuildFile; fileRef = 8718F69727ECA5D600E127CA /* ChoKan2UITestsLaunchTests.swift */; };
/* End PBXBuildFile section */

/* Begin PBXContainerItemProxy section */
		8718F68827ECA5D600E127CA /* PBXContainerItemProxy */ = {
			isa = PBXContainerItemProxy;
			containerPortal = 8718F66F27ECA5D400E127CA /* Project object */;
			proxyType = 1;
			remoteGlobalIDString = 8718F67627ECA5D400E127CA;
			remoteInfo = ChoKan2;
		};
		8718F69227ECA5D600E127CA /* PBXContainerItemProxy */ = {
			isa = PBXContainerItemProxy;
			containerPortal = 8718F66F27ECA5D400E127CA /* Project object */;
			proxyType = 1;
			remoteGlobalIDString = 8718F67627ECA5D400E127CA;
			remoteInfo = ChoKan2;
		};
/* End PBXContainerItemProxy section */

/* Begin PBXFileReference section */
		8718F67727ECA5D400E127CA /* ChoKan2.app */ = {isa = PBXFileReference; explicitFileType = wrapper.application; includeInIndex = 0; path = ChoKan2.app; sourceTree = BUILT_PRODUCTS_DIR; };
		8718F67A27ECA5D400E127CA /* ChoKan2App.swift */ = {isa = PBXFileReference; lastKnownFileType = sourcecode.swift; path = ChoKan2App.swift; sourceTree = "<group>"; };
		8718F67C27ECA5D400E127CA /* ContentView.swift */ = {isa = PBXFileReference; lastKnownFileType = sourcecode.swift; path = ContentView.swift; sourceTree = "<group>"; };
		8718F67E27ECA5D600E127CA /* Assets.xcassets */ = {isa = PBXFileReference; lastKnownFileType = folder.assetcatalog; path = Assets.xcassets; sourceTree = "<group>"; };
		8718F68127ECA5D600E127CA /* Preview Assets.xcassets */ = {isa = PBXFileReference; lastKnownFileType = folder.assetcatalog; path = "Preview Assets.xcassets"; sourceTree = "<group>"; };
		8718F68727ECA5D600E127CA /* ChoKan2Tests.xctest */ = {isa = PBXFileReference; explicitFileType = wrapper.cfbundle; includeInIndex = 0; path = ChoKan2Tests.xctest; sourceTree = BUILT_PRODUCTS_DIR; };
		8718F68B27ECA5D600E127CA /* ChoKan2Tests.swift */ = {isa = PBXFileReference; lastKnownFileType = sourcecode.swift; path = ChoKan2Tests.swift; sourceTree = "<group>"; };
		8718F69127ECA5D600E127CA /* ChoKan2UITests.xctest */ = {isa = PBXFileReference; explicitFileType = wrapper.cfbundle; includeInIndex = 0; path = ChoKan2UITests.xctest; sourceTree = BUILT_PRODUCTS_DIR; };
		8718F69527ECA5D600E127CA /* ChoKan2UITests.swift */ = {isa = PBXFileReference; lastKnownFileType = sourcecode.swift; path = ChoKan2UITests.swift; sourceTree = "<group>"; };
		8718F69727ECA5D600E127CA /* ChoKan2UITestsLaunchTests.swift */ = {isa = PBXFileReference; lastKnownFileType = sourcecode.swift; path = ChoKan2UITestsLaunchTests.swift; sourceTree = "<group>"; };
/* End PBXFileReference section */

/* Begin PBXFrameworksBuildPhase section */
		8718F67427ECA5D400E127CA /* Frameworks */ = {
			isa = PBXFrameworksBuildPhase;
			buildActionMask = 2147483647;
			files = (
			);
			runOnlyForDeploymentPostprocessing = 0;
		};
		8718F68427ECA5D600E127CA /* Frameworks */ = {
			isa = PBXFrameworksBuildPhase;
			buildActionMask = 2147483647;
			files = (
			);
			runOnlyForDeploymentPostprocessing = 0;
		};
		8718F68E27ECA5D600E127CA /* Frameworks */ = {
			isa = PBXFrameworksBuildPhase;
			buildActionMask = 2147483647;
			files = (
			);
			runOnlyForDeploymentPostprocessing = 0;
		};
/* End PBXFrameworksBuildPhase section */

/* Begin PBXGroup section */
		8718F66E27ECA5D400E127CA = {
			isa = PBXGroup;
			children = (
				8718F67927ECA5D400E127CA /* ChoKan2 */,
				8718F68A27ECA5D600E127CA /* ChoKan2Tests */,
				8718F69427ECA5D600E127CA /* ChoKan2UITests */,
				8718F67827ECA5D400E127CA /* Products */,
			);
			sourceTree = "<group>";
		};
		8718F67827ECA5D400E127CA /* Products */ = {
			isa = PBXGroup;
			children = (
				8718F67727ECA5D400E127CA /* ChoKan2.app */,
				8718F68727ECA5D600E127CA /* ChoKan2Tests.xctest */,
				8718F69127ECA5D600E127CA /* ChoKan2UITests.xctest */,
			);
			name = Products;
			sourceTree = "<group>";
		};
		8718F67927ECA5D400E127CA /* ChoKan2 */ = {
			isa = PBXGroup;
			children = (
				8718F67A27ECA5D400E127CA /* ChoKan2App.swift */,
				8718F67C27ECA5D400E127CA /* ContentView.swift */,
				8718F67E27ECA5D600E127CA /* Assets.xcassets */,
				8718F68027ECA5D600E127CA /* Preview Content */,
			);
			path = ChoKan2;
			sourceTree = "<group>";
		};
		8718F68027ECA5D600E127CA /* Preview Content */ = {
			isa = PBXGroup;
			children = (
				8718F68127ECA5D600E127CA /* Preview Assets.xcassets */,
			);
			path = "Preview Content";
			sourceTree = "<group>";
		};
		8718F68A27ECA5D600E127CA /* ChoKan2Tests */ = {
			isa = PBXGroup;
			children = (
				8718F68B27ECA5D600E127CA /* ChoKan2Tests.swift */,
			);
			path = ChoKan2Tests;
			sourceTree = "<group>";
		};
		8718F69427ECA5D600E127CA /* ChoKan2UITests */ = {
			isa = PBXGroup;
			children = (
				8718F69527ECA5D600E127CA /* ChoKan2UITests.swift */,
				8718F69727ECA5D600E127CA /* ChoKan2UITestsLaunchTests.swift */,
			);
			path = ChoKan2UITests;
			sourceTree = "<group>";
		};
/* End PBXGroup section */

/* Begin PBXNativeTarget section */
		8718F67627ECA5D400E127CA /* ChoKan2 */ = {
			isa = PBXNativeTarget;
			buildConfigurationList = 8718F69B27ECA5D600E127CA /* Build configuration list for PBXNativeTarget "ChoKan2" */;
			buildPhases = (
				8718F67327ECA5D400E127CA /* Sources */,
				8718F67427ECA5D400E127CA /* Frameworks */,
				8718F67527ECA5D400E127CA /* Resources */,
			);
			buildRules = (
			);
			dependencies = (
			);
			name = ChoKan2;
			productName = ChoKan2;
			productReference = 8718F67727ECA5D400E127CA /* ChoKan2.app */;
			productType = "com.apple.product-type.application";
		};
		8718F68627ECA5D600E127CA /* ChoKan2Tests */ = {
			isa = PBXNativeTarget;
			buildConfigurationList = 8718F69E27ECA5D600E127CA /* Build configuration list for PBXNativeTarget "ChoKan2Tests" */;
			buildPhases = (
				8718F68327ECA5D600E127CA /* Sources */,
				8718F68427ECA5D600E127CA /* Frameworks */,
				8718F68527ECA5D600E127CA /* Resources */,
			);
			buildRules = (
			);
			dependencies = (
				8718F68927ECA5D600E127CA /* PBXTargetDependency */,
			);
			name = ChoKan2Tests;
			productName = ChoKan2Tests;
			productReference = 8718F68727ECA5D600E127CA /* ChoKan2Tests.xctest */;
			productType = "com.apple.product-type.bundle.unit-test";
		};
		8718F69027ECA5D600E127CA /* ChoKan2UITests */ = {
			isa = PBXNativeTarget;
			buildConfigurationList = 8718F6A127ECA5D600E127CA /* Build configuration list for PBXNativeTarget "ChoKan2UITests" */;
			buildPhases = (
				8718F68D27ECA5D600E127CA /* Sources */,
				8718F68E27ECA5D600E127CA /* Frameworks */,
				8718F68F27ECA5D600E127CA /* Resources */,
			);
			buildRules = (
			);
			dependencies = (
				8718F69327ECA5D600E127CA /* PBXTargetDependency */,
			);
			name = ChoKan2UITests;
			productName = ChoKan2UITests;
			productReference = 8718F69127ECA5D600E127CA /* ChoKan2UITests.xctest */;
			productType = "com.apple.product-type.bundle.ui-testing";
		};
/* End PBXNativeTarget section */

/* Begin PBXProject section */
		8718F66F27ECA5D400E127CA /* Project object */ = {
			isa = PBXProject;
			attributes = {
				BuildIndependentTargetsInParallel = 1;
				LastSwiftUpdateCheck = 1330;
				LastUpgradeCheck = 1330;
				TargetAttributes = {
					8718F67627ECA5D400E127CA = {
						CreatedOnToolsVersion = 13.3;
					};
					8718F68627ECA5D600E127CA = {
						CreatedOnToolsVersion = 13.3;
						TestTargetID = 8718F67627ECA5D400E127CA;
					};
					8718F69027ECA5D600E127CA = {
						CreatedOnToolsVersion = 13.3;
						TestTargetID = 8718F67627ECA5D400E127CA;
					};
				};
			};
			buildConfigurationList = 8718F67227ECA5D400E127CA /* Build configuration list for PBXProject "ChoKan2" */;
			compatibilityVersion = "Xcode 13.0";
			developmentRegion = en;
			hasScannedForEncodings = 0;
			knownRegions = (
				en,
				Base,
			);
			mainGroup = 8718F66E27ECA5D400E127CA;
			productRefGroup = 8718F67827ECA5D400E127CA /* Products */;
			projectDirPath = "";
			projectRoot = "";
			targets = (
				8718F67627ECA5D400E127CA /* ChoKan2 */,
				8718F68627ECA5D600E127CA /* ChoKan2Tests */,
				8718F69027ECA5D600E127CA /* ChoKan2UITests */,
			);
		};
/* End PBXProject section */

/* Begin PBXResourcesBuildPhase section */
		8718F67527ECA5D400E127CA /* Resources */ = {
			isa = PBXResourcesBuildPhase;
			buildActionMask = 2147483647;
			files = (
				8718F68227ECA5D600E127CA /* Preview Assets.xcassets in Resources */,
				8718F67F27ECA5D600E127CA /* Assets.xcassets in Resources */,
			);
			runOnlyForDeploymentPostprocessing = 0;
		};
		8718F68527ECA5D600E127CA /* Resources */ = {
			isa = PBXResourcesBuildPhase;
			buildActionMask = 2147483647;
			files = (
			);
			runOnlyForDeploymentPostprocessing = 0;
		};
		8718F68F27ECA5D600E127CA /* Resources */ = {
			isa = PBXResourcesBuildPhase;
			buildActionMask = 2147483647;
			files = (
			);
			runOnlyForDeploymentPostprocessing = 0;
		};
/* End PBXResourcesBuildPhase section */

/* Begin PBXSourcesBuildPhase section */
		8718F67327ECA5D400E127CA /* Sources */ = {
			isa = PBXSourcesBuildPhase;
			buildActionMask = 2147483647;
			files = (
				8718F67D27ECA5D400E127CA /* ContentView.swift in Sources */,
				8718F67B27ECA5D400E127CA /* ChoKan2App.swift in Sources */,
			);
			runOnlyForDeploymentPostprocessing = 0;
		};
		8718F68327ECA5D600E127CA /* Sources */ = {
			isa = PBXSourcesBuildPhase;
			buildActionMask = 2147483647;
			files = (
				8718F68C27ECA5D600E127CA /* ChoKan2Tests.swift in Sources */,
			);
			runOnlyForDeploymentPostprocessing = 0;
		};
		8718F68D27ECA5D600E127CA /* Sources */ = {
			isa = PBXSourcesBuildPhase;
			buildActionMask = 2147483647;
			files = (
				8718F69627ECA5D600E127CA /* ChoKan2UITests.swift in Sources */,
				8718F69827ECA5D600E127CA /* ChoKan2UITestsLaunchTests.swift in Sources */,
			);
			runOnlyForDeploymentPostprocessing = 0;
		};
/* End PBXSourcesBuildPhase section */

/* Begin PBXTargetDependency section */
		8718F68927ECA5D600E127CA /* PBXTargetDependency */ = {
			isa = PBXTargetDependency;
			target = 8718F67627ECA5D400E127CA /* ChoKan2 */;
			targetProxy = 8718F68827ECA5D600E127CA /* PBXContainerItemProxy */;
		};
		8718F69327ECA5D600E127CA /* PBXTargetDependency */ = {
			isa = PBXTargetDependency;
			target = 8718F67627ECA5D400E127CA /* ChoKan2 */;
			targetProxy = 8718F69227ECA5D600E127CA /* PBXContainerItemProxy */;
		};
/* End PBXTargetDependency section */

/* Begin XCBuildConfiguration section */
		8718F69927ECA5D600E127CA /* Debug */ = {
			isa = XCBuildConfiguration;
			buildSettings = {
				ALWAYS_SEARCH_USER_PATHS = NO;
				CLANG_ANALYZER_NONNULL = YES;
				CLANG_ANALYZER_NUMBER_OBJECT_CONVERSION = YES_AGGRESSIVE;
				CLANG_CXX_LANGUAGE_STANDARD = "gnu++17";
				CLANG_ENABLE_MODULES = YES;
				CLANG_ENABLE_OBJC_ARC = YES;
				CLANG_ENABLE_OBJC_WEAK = YES;
				CLANG_WARN_BLOCK_CAPTURE_AUTORELEASING = YES;
				CLANG_WARN_BOOL_CONVERSION = YES;
				CLANG_WARN_COMMA = YES;
				CLANG_WARN_CONSTANT_CONVERSION = YES;
				CLANG_WARN_DEPRECATED_OBJC_IMPLEMENTATIONS = YES;
				CLANG_WARN_DIRECT_OBJC_ISA_USAGE = YES_ERROR;
				CLANG_WARN_DOCUMENTATION_COMMENTS = YES;
				CLANG_WARN_EMPTY_BODY = YES;
				CLANG_WARN_ENUM_CONVERSION = YES;
				CLANG_WARN_INFINITE_RECURSION = YES;
				CLANG_WARN_INT_CONVERSION = YES;
				CLANG_WARN_NON_LITERAL_NULL_CONVERSION = YES;
				CLANG_WARN_OBJC_IMPLICIT_RETAIN_SELF = YES;
				CLANG_WARN_OBJC_LITERAL_CONVERSION = YES;
				CLANG_WARN_OBJC_ROOT_CLASS = YES_ERROR;
				CLANG_WARN_QUOTED_INCLUDE_IN_FRAMEWORK_HEADER = YES;
				CLANG_WARN_RANGE_LOOP_ANALYSIS = YES;
				CLANG_WARN_STRICT_PROTOTYPES = YES;
				CLANG_WARN_SUSPICIOUS_MOVE = YES;
				CLANG_WARN_UNGUARDED_AVAILABILITY = YES_AGGRESSIVE;
				CLANG_WARN_UNREACHABLE_CODE = YES;
				CLANG_WARN__DUPLICATE_METHOD_MATCH = YES;
				COPY_PHASE_STRIP = NO;
				DEBUG_INFORMATION_FORMAT = dwarf;
				ENABLE_STRICT_OBJC_MSGSEND = YES;
				ENABLE_TESTABILITY = YES;
				GCC_C_LANGUAGE_STANDARD = gnu11;
				GCC_DYNAMIC_NO_PIC = NO;
				GCC_NO_COMMON_BLOCKS = YES;
				GCC_OPTIMIZATION_LEVEL = 0;
				GCC_PREPROCESSOR_DEFINITIONS = (
					"DEBUG=1",
					"$(inherited)",
				);
				GCC_WARN_64_TO_32_BIT_CONVERSION = YES;
				GCC_WARN_ABOUT_RETURN_TYPE = YES_ERROR;
				GCC_WARN_UNDECLARED_SELECTOR = YES;
				GCC_WARN_UNINITIALIZED_AUTOS = YES_AGGRESSIVE;
				GCC_WARN_UNUSED_FUNCTION = YES;
				GCC_WARN_UNUSED_VARIABLE = YES;
				IPHONEOS_DEPLOYMENT_TARGET = 15.4;
				MTL_ENABLE_DEBUG_INFO = INCLUDE_SOURCE;
				MTL_FAST_MATH = YES;
				ONLY_ACTIVE_ARCH = YES;
				SDKROOT = iphoneos;
				SWIFT_ACTIVE_COMPILATION_CONDITIONS = DEBUG;
				SWIFT_OPTIMIZATION_LEVEL = "-Onone";
			};
			name = Debug;
		};
		8718F69A27ECA5D600E127CA /* Release */ = {
			isa = XCBuildConfiguration;
			buildSettings = {
				ALWAYS_SEARCH_USER_PATHS = NO;
				CLANG_ANALYZER_NONNULL = YES;
				CLANG_ANALYZER_NUMBER_OBJECT_CONVERSION = YES_AGGRESSIVE;
				CLANG_CXX_LANGUAGE_STANDARD = "gnu++17";
				CLANG_ENABLE_MODULES = YES;
				CLANG_ENABLE_OBJC_ARC = YES;
				CLANG_ENABLE_OBJC_WEAK = YES;
				CLANG_WARN_BLOCK_CAPTURE_AUTORELEASING = YES;
				CLANG_WARN_BOOL_CONVERSION = YES;
				CLANG_WARN_COMMA = YES;
				CLANG_WARN_CONSTANT_CONVERSION = YES;
				CLANG_WARN_DEPRECATED_OBJC_IMPLEMENTATIONS = YES;
				CLANG_WARN_DIRECT_OBJC_ISA_USAGE = YES_ERROR;
				CLANG_WARN_DOCUMENTATION_COMMENTS = YES;
				CLANG_WARN_EMPTY_BODY = YES;
				CLANG_WARN_ENUM_CONVERSION = YES;
				CLANG_WARN_INFINITE_RECURSION = YES;
				CLANG_WARN_INT_CONVERSION = YES;
				CLANG_WARN_NON_LITERAL_NULL_CONVERSION = YES;
				CLANG_WARN_OBJC_IMPLICIT_RETAIN_SELF = YES;
				CLANG_WARN_OBJC_LITERAL_CONVERSION = YES;
				CLANG_WARN_OBJC_ROOT_CLASS = YES_ERROR;
				CLANG_WARN_QUOTED_INCLUDE_IN_FRAMEWORK_HEADER = YES;
				CLANG_WARN_RANGE_LOOP_ANALYSIS = YES;
				CLANG_WARN_STRICT_PROTOTYPES = YES;
				CLANG_WARN_SUSPICIOUS_MOVE = YES;
				CLANG_WARN_UNGUARDED_AVAILABILITY = YES_AGGRESSIVE;
				CLANG_WARN_UNREACHABLE_CODE = YES;
				CLANG_WARN__DUPLICATE_METHOD_MATCH = YES;
				COPY_PHASE_STRIP = NO;
				DEBUG_INFORMATION_FORMAT = "dwarf-with-dsym";
				ENABLE_NS_ASSERTIONS = NO;
				ENABLE_STRICT_OBJC_MSGSEND = YES;
				GCC_C_LANGUAGE_STANDARD = gnu11;
				GCC_NO_COMMON_BLOCKS = YES;
				GCC_WARN_64_TO_32_BIT_CONVERSION = YES;
				GCC_WARN_ABOUT_RETURN_TYPE = YES_ERROR;
				GCC_WARN_UNDECLARED_SELECTOR = YES;
				GCC_WARN_UNINITIALIZED_AUTOS = YES_AGGRESSIVE;
				GCC_WARN_UNUSED_FUNCTION = YES;
				GCC_WARN_UNUSED_VARIABLE = YES;
				IPHONEOS_DEPLOYMENT_TARGET = 15.4;
				MTL_ENABLE_DEBUG_INFO = NO;
				MTL_FAST_MATH = YES;
				SDKROOT = iphoneos;
				SWIFT_COMPILATION_MODE = wholemodule;
				SWIFT_OPTIMIZATION_LEVEL = "-O";
				VALIDATE_PRODUCT = YES;
			};
			name = Release;
		};
		8718F69C27ECA5D600E127CA /* Debug */ = {
			isa = XCBuildConfiguration;
			buildSettings = {
				ASSETCATALOG_COMPILER_APPICON_NAME = AppIcon;
				ASSETCATALOG_COMPILER_GLOBAL_ACCENT_COLOR_NAME = AccentColor;
				CODE_SIGN_STYLE = Automatic;
				CURRENT_PROJECT_VERSION = 1;
				DEVELOPMENT_ASSET_PATHS = "\"ChoKan2/Preview Content\"";
				ENABLE_PREVIEWS = YES;
				GENERATE_INFOPLIST_FILE = YES;
				INFOPLIST_KEY_UIApplicationSceneManifest_Generation = YES;
				INFOPLIST_KEY_UIApplicationSupportsIndirectInputEvents = YES;
				INFOPLIST_KEY_UILaunchScreen_Generation = YES;
				INFOPLIST_KEY_UISupportedInterfaceOrientations_iPad = "UIInterfaceOrientationPortrait UIInterfaceOrientationPortraitUpsideDown UIInterfaceOrientationLandscapeLeft UIInterfaceOrientationLandscapeRight";
				INFOPLIST_KEY_UISupportedInterfaceOrientations_iPhone = "UIInterfaceOrientationPortrait UIInterfaceOrientationLandscapeLeft UIInterfaceOrientationLandscapeRight";
				LD_RUNPATH_SEARCH_PATHS = (
					"$(inherited)",
					"@executable_path/Frameworks",
				);
				MARKETING_VERSION = 1.0;
				PRODUCT_BUNDLE_IDENTIFIER = RayanT.ChoKan2;
				PRODUCT_NAME = "$(TARGET_NAME)";
				SWIFT_EMIT_LOC_STRINGS = YES;
				SWIFT_VERSION = 5.0;
				TARGETED_DEVICE_FAMILY = "1,2";
			};
			name = Debug;
		};
		8718F69D27ECA5D600E127CA /* Release */ = {
			isa = XCBuildConfiguration;
			buildSettings = {
				ASSETCATALOG_COMPILER_APPICON_NAME = AppIcon;
				ASSETCATALOG_COMPILER_GLOBAL_ACCENT_COLOR_NAME = AccentColor;
				CODE_SIGN_STYLE = Automatic;
				CURRENT_PROJECT_VERSION = 1;
				DEVELOPMENT_ASSET_PATHS = "\"ChoKan2/Preview Content\"";
				ENABLE_PREVIEWS = YES;
				GENERATE_INFOPLIST_FILE = YES;
				INFOPLIST_KEY_UIApplicationSceneManifest_Generation = YES;
				INFOPLIST_KEY_UIApplicationSupportsIndirectInputEvents = YES;
				INFOPLIST_KEY_UILaunchScreen_Generation = YES;
				INFOPLIST_KEY_UISupportedInterfaceOrientations_iPad = "UIInterfaceOrientationPortrait UIInterfaceOrientationPortraitUpsideDown UIInterfaceOrientationLandscapeLeft UIInterfaceOrientationLandscapeRight";
				INFOPLIST_KEY_UISupportedInterfaceOrientations_iPhone = "UIInterfaceOrientationPortrait UIInterfaceOrientationLandscapeLeft UIInterfaceOrientationLandscapeRight";
				LD_RUNPATH_SEARCH_PATHS = (
					"$(inherited)",
					"@executable_path/Frameworks",
				);
				MARKETING_VERSION = 1.0;
				PRODUCT_BUNDLE_IDENTIFIER = RayanT.ChoKan2;
				PRODUCT_NAME = "$(TARGET_NAME)";
				SWIFT_EMIT_LOC_STRINGS = YES;
				SWIFT_VERSION = 5.0;
				TARGETED_DEVICE_FAMILY = "1,2";
			};
			name = Release;
		};
		8718F69F27ECA5D600E127CA /* Debug */ = {
			isa = XCBuildConfiguration;
			buildSettings = {
				ALWAYS_EMBED_SWIFT_STANDARD_LIBRARIES = YES;
				BUNDLE_LOADER = "$(TEST_HOST)";
				CODE_SIGN_STYLE = Automatic;
				CURRENT_PROJECT_VERSION = 1;
				GENERATE_INFOPLIST_FILE = YES;
				IPHONEOS_DEPLOYMENT_TARGET = 15.4;
				MARKETING_VERSION = 1.0;
				PRODUCT_BUNDLE_IDENTIFIER = RayanT.ChoKan2Tests;
				PRODUCT_NAME = "$(TARGET_NAME)";
				SWIFT_EMIT_LOC_STRINGS = NO;
				SWIFT_VERSION = 5.0;
				TARGETED_DEVICE_FAMILY = "1,2";
				TEST_HOST = "$(BUILT_PRODUCTS_DIR)/ChoKan2.app/ChoKan2";
			};
			name = Debug;
		};
		8718F6A027ECA5D600E127CA /* Release */ = {
			isa = XCBuildConfiguration;
			buildSettings = {
				ALWAYS_EMBED_SWIFT_STANDARD_LIBRARIES = YES;
				BUNDLE_LOADER = "$(TEST_HOST)";
				CODE_SIGN_STYLE = Automatic;
				CURRENT_PROJECT_VERSION = 1;
				GENERATE_INFOPLIST_FILE = YES;
				IPHONEOS_DEPLOYMENT_TARGET = 15.4;
				MARKETING_VERSION = 1.0;
				PRODUCT_BUNDLE_IDENTIFIER = RayanT.ChoKan2Tests;
				PRODUCT_NAME = "$(TARGET_NAME)";
				SWIFT_EMIT_LOC_STRINGS = NO;
				SWIFT_VERSION = 5.0;
				TARGETED_DEVICE_FAMILY = "1,2";
				TEST_HOST = "$(BUILT_PRODUCTS_DIR)/ChoKan2.app/ChoKan2";
			};
			name = Release;
		};
		8718F6A227ECA5D600E127CA /* Debug */ = {
			isa = XCBuildConfiguration;
			buildSettings = {
				ALWAYS_EMBED_SWIFT_STANDARD_LIBRARIES = YES;
				CODE_SIGN_STYLE = Automatic;
				CURRENT_PROJECT_VERSION = 1;
				GENERATE_INFOPLIST_FILE = YES;
				MARKETING_VERSION = 1.0;
				PRODUCT_BUNDLE_IDENTIFIER = RayanT.ChoKan2UITests;
				PRODUCT_NAME = "$(TARGET_NAME)";
				SWIFT_EMIT_LOC_STRINGS = NO;
				SWIFT_VERSION = 5.0;
				TARGETED_DEVICE_FAMILY = "1,2";
				TEST_TARGET_NAME = ChoKan2;
			};
			name = Debug;
		};
		8718F6A327ECA5D600E127CA /* Release */ = {
			isa = XCBuildConfiguration;
			buildSettings = {
				ALWAYS_EMBED_SWIFT_STANDARD_LIBRARIES = YES;
				CODE_SIGN_STYLE = Automatic;
				CURRENT_PROJECT_VERSION = 1;
				GENERATE_INFOPLIST_FILE = YES;
				MARKETING_VERSION = 1.0;
				PRODUCT_BUNDLE_IDENTIFIER = RayanT.ChoKan2UITests;
				PRODUCT_NAME = "$(TARGET_NAME)";
				SWIFT_EMIT_LOC_STRINGS = NO;
				SWIFT_VERSION = 5.0;
				TARGETED_DEVICE_FAMILY = "1,2";
				TEST_TARGET_NAME = ChoKan2;
			};
			name = Release;
		};
/* End XCBuildConfiguration section */

/* Begin XCConfigurationList section */
		8718F67227ECA5D400E127CA /* Build configuration list for PBXProject "ChoKan2" */ = {
			isa = XCConfigurationList;
			buildConfigurations = (
				8718F69927ECA5D600E127CA /* Debug */,
				8718F69A27ECA5D600E127CA /* Release */,
			);
			defaultConfigurationIsVisible = 0;
			defaultConfigurationName = Release;
		};
		8718F69B27ECA5D600E127CA /* Build configuration list for PBXNativeTarget "ChoKan2" */ = {
			isa = XCConfigurationList;
			buildConfigurations = (
				8718F69C27ECA5D600E127CA /* Debug */,
				8718F69D27ECA5D600E127CA /* Release */,
			);
			defaultConfigurationIsVisible = 0;
			defaultConfigurationName = Release;
		};
		8718F69E27ECA5D600E127CA /* Build configuration list for PBXNativeTarget "ChoKan2Tests" */ = {
			isa = XCConfigurationList;
			buildConfigurations = (
				8718F69F27ECA5D600E127CA /* Debug */,
				8718F6A027ECA5D600E127CA /* Release */,
			);
			defaultConfigurationIsVisible = 0;
			defaultConfigurationName = Release;
		};
		8718F6A127ECA5D600E127CA /* Build configuration list for PBXNativeTarget "ChoKan2UITests" */ = {
			isa = XCConfigurationList;
			buildConfigurations = (
				8718F6A227ECA5D600E127CA /* Debug */,
				8718F6A327ECA5D600E127CA /* Release */,
			);
			defaultConfigurationIsVisible = 0;
			defaultConfigurationName = Release;
		};
/* End XCConfigurationList section */
	};
	rootObject = 8718F66F27ECA5D400E127CA /* Project object */;
}
